
Microsoft Visual Studio Solution File, Format Version 12.00
# Visual Studio Version 17
VisualStudioVersion = 17.13.35913.81 d17.13
MinimumVisualStudioVersion = 10.0.40219.1
Project("{FAE04EC0-301F-11D3-BF4B-00C04F79EFBC}") = "Wordle.API", "Wordle.API\Wordle.API.csproj", "{B10B9BED-6EC9-43A6-BA44-0B7A6C00ACDC}"
EndProject
Project("{FAE04EC0-301F-11D3-BF4B-00C04F79EFBC}") = "Wordle.Application", "Wordle.Application\Wordle.Application.csproj", "{C163E0DE-71ED-4C5E-80BE-0D85D1EDC9CE}"
EndProject
Project("{FAE04EC0-301F-11D3-BF4B-00C04F79EFBC}") = "Wordle.Domain", "Wordle.Domain\Wordle.Domain.csproj", "{C3659125-4337-4679-AA65-650A9B1424C7}"
EndProject
Project("{FAE04EC0-301F-11D3-BF4B-00C04F79EFBC}") = "Wordle.Infrastructure", "Wordle.Infrastructure\Wordle.Infrastructure.csproj", "{5A01E859-81F6-49A5-931C-F6C1A87A4C5A}"
EndProject
Global
	GlobalSection(SolutionConfigurationPlatforms) = preSolution
		Debug|Any CPU = Debug|Any CPU
		Release|Any CPU = Release|Any CPU
	EndGlobalSection
	GlobalSection(ProjectConfigurationPlatforms) = postSolution
		{B10B9BED-6EC9-43A6-BA44-0B7A6C00ACDC}.Debug|Any CPU.ActiveCfg = Debug|Any CPU
		{B10B9BED-6EC9-43A6-BA44-0B7A6C00ACDC}.Debug|Any CPU.Build.0 = Debug|Any CPU
		{B10B9BED-6EC9-43A6-BA44-0B7A6C00ACDC}.Release|Any CPU.ActiveCfg = Release|Any CPU
		{B10B9BED-6EC9-43A6-BA44-0B7A6C00ACDC}.Release|Any CPU.Build.0 = Release|Any CPU
		{C163E0DE-71ED-4C5E-80BE-0D85D1EDC9CE}.Debug|Any CPU.ActiveCfg = Debug|Any CPU
		{C163E0DE-71ED-4C5E-80BE-0D85D1EDC9CE}.Debug|Any CPU.Build.0 = Debug|Any CPU
		{C163E0DE-71ED-4C5E-80BE-0D85D1EDC9CE}.Release|Any CPU.ActiveCfg = Release|Any CPU
		{C163E0DE-71ED-4C5E-80BE-0D85D1EDC9CE}.Release|Any CPU.Build.0 = Release|Any CPU
		{C3659125-4337-4679-AA65-650A9B1424C7}.Debug|Any CPU.ActiveCfg = Debug|Any CPU
		{C3659125-4337-4679-AA65-650A9B1424C7}.Debug|Any CPU.Build.0 = Debug|Any CPU
		{C3659125-4337-4679-AA65-650A9B1424C7}.Release|Any CPU.ActiveCfg = Release|Any CPU
		{C3659125-4337-4679-AA65-650A9B1424C7}.Release|Any CPU.Build.0 = Release|Any CPU
		{5A01E859-81F6-49A5-931C-F6C1A87A4C5A}.Debug|Any CPU.ActiveCfg = Debug|Any CPU
		{5A01E859-81F6-49A5-931C-F6C1A87A4C5A}.Debug|Any CPU.Build.0 = Debug|Any CPU
		{5A01E859-81F6-49A5-931C-F6C1A87A4C5A}.Release|Any CPU.ActiveCfg = Release|Any CPU
		{5A01E859-81F6-49A5-931C-F6C1A87A4C5A}.Release|Any CPU.Build.0 = Release|Any CPU
	EndGlobalSection
	GlobalSection(SolutionProperties) = preSolution
		HideSolutionNode = FALSE
	EndGlobalSection
	GlobalSection(ExtensibilityGlobals) = postSolution
		SolutionGuid = {5D3F3F93-3E44-4353-ABAC-B3A536DF1B48}
	EndGlobalSection
EndGlobal
